// !$*UTF8*$!
{
	archiveVersion = 1;
	classes = {
	};
	objectVersion = 46;
	objects = {

/* Begin PBXBuildFile section */
		2049E1FC1C6737C800FA38D4 /* Reachability.swift in Sources */ = {isa = PBXBuildFile; fileRef = 2049E1FB1C6737C800FA38D4 /* Reachability.swift */; };
		209926FF1A0FD23100D2EE4C /* CoreData.framework in Frameworks */ = {isa = PBXBuildFile; fileRef = 209926FE1A0FD23100D2EE4C /* CoreData.framework */; };
		209927021A0FD4FD00D2EE4C /* Games.xcdatamodeld in Sources */ = {isa = PBXBuildFile; fileRef = 209927001A0FD4FD00D2EE4C /* Games.xcdatamodeld */; };
		2099DF981A0BE09D00A493F5 /* QuoteDispenser.m in Sources */ = {isa = PBXBuildFile; fileRef = 2099DF971A0BE09D00A493F5 /* QuoteDispenser.m */; };
		2099DF9A1A0C1AB900A493F5 /* GameUITableViewCell.xib in Resources */ = {isa = PBXBuildFile; fileRef = 2099DF991A0C1AB900A493F5 /* GameUITableViewCell.xib */; };
		2099DFA01A0C1BE500A493F5 /* GameUITableViewCell.m in Sources */ = {isa = PBXBuildFile; fileRef = 2099DF9F1A0C1BE500A493F5 /* GameUITableViewCell.m */; };
		209A5A3F1A0CE4CA00F4FF81 /* BidsViewController.m in Sources */ = {isa = PBXBuildFile; fileRef = 209A5A3E1A0CE4CA00F4FF81 /* BidsViewController.m */; };
		209A5A431A0CE50100F4FF81 /* ApprovedBidsViewController.m in Sources */ = {isa = PBXBuildFile; fileRef = 209A5A421A0CE50100F4FF81 /* ApprovedBidsViewController.m */; };
		209A5A461A0CE77C00F4FF81 /* PendingBidsViewController.m in Sources */ = {isa = PBXBuildFile; fileRef = 209A5A451A0CE77C00F4FF81 /* PendingBidsViewController.m */; };
		209A5A491A0CE79500F4FF81 /* RejectedBidsViewController.m in Sources */ = {isa = PBXBuildFile; fileRef = 209A5A481A0CE79500F4FF81 /* RejectedBidsViewController.m */; };
		209A77C81A02E6D400A5BC2B /* HomeTableViewController.m in Sources */ = {isa = PBXBuildFile; fileRef = 209A77C71A02E6D400A5BC2B /* HomeTableViewController.m */; };
		209A77CE1A02F1F200A5BC2B /* ActiveGamesViewController.m in Sources */ = {isa = PBXBuildFile; fileRef = 209A77CD1A02F1F200A5BC2B /* ActiveGamesViewController.m */; };
		209B286B1A0EE33D006A96D9 /* EditProfileViewController.m in Sources */ = {isa = PBXBuildFile; fileRef = 209B286A1A0EE33D006A96D9 /* EditProfileViewController.m */; };
		209B286E1A0EF126006A96D9 /* BidAuthorContactsViewController.m in Sources */ = {isa = PBXBuildFile; fileRef = 209B286D1A0EF126006A96D9 /* BidAuthorContactsViewController.m */; };
		209B597A1A07EF2000C2C39C /* FacebookSDK.framework in Frameworks */ = {isa = PBXBuildFile; fileRef = 209B59791A07EF2000C2C39C /* FacebookSDK.framework */; };
		209B824F1A0294DE0038CE29 /* main.m in Sources */ = {isa = PBXBuildFile; fileRef = 209B824E1A0294DE0038CE29 /* main.m */; };
		209B82521A0294DE0038CE29 /* AppDelegate.m in Sources */ = {isa = PBXBuildFile; fileRef = 209B82511A0294DE0038CE29 /* AppDelegate.m */; };
		209B82581A0294DE0038CE29 /* Main.storyboard in Resources */ = {isa = PBXBuildFile; fileRef = 209B82561A0294DE0038CE29 /* Main.storyboard */; };
		209B825A1A0294DE0038CE29 /* Images.xcassets in Resources */ = {isa = PBXBuildFile; fileRef = 209B82591A0294DE0038CE29 /* Images.xcassets */; };
		209B825D1A0294DE0038CE29 /* LaunchScreen.xib in Resources */ = {isa = PBXBuildFile; fileRef = 209B825B1A0294DE0038CE29 /* LaunchScreen.xib */; };
		209B82751A02953A0038CE29 /* LoginViewController.m in Sources */ = {isa = PBXBuildFile; fileRef = 209B82741A02953A0038CE29 /* LoginViewController.m */; };
		209B827B1A029ABC0038CE29 /* ProfileViewController.m in Sources */ = {isa = PBXBuildFile; fileRef = 209B827A1A029ABC0038CE29 /* ProfileViewController.m */; };
		209B82811A029B910038CE29 /* AddGameViewController.m in Sources */ = {isa = PBXBuildFile; fileRef = 209B82801A029B910038CE29 /* AddGameViewController.m */; };
		209B82841A029BA20038CE29 /* GameDetailsViewController.m in Sources */ = {isa = PBXBuildFile; fileRef = 209B82831A029BA20038CE29 /* GameDetailsViewController.m */; };
		209BD5D41A0679AF00692E5A /* CoreLocation.framework in Frameworks */ = {isa = PBXBuildFile; fileRef = 209BD5D31A0679AF00692E5A /* CoreLocation.framework */; };
		20A0ABED1A0AB79F00586B9F /* Utils.m in Sources */ = {isa = PBXBuildFile; fileRef = 20A0ABEC1A0AB79F00586B9F /* Utils.m */; };
		20A0ABFD1A0AC79A00586B9F /* GamesHistoryViewController.m in Sources */ = {isa = PBXBuildFile; fileRef = 20A0ABFC1A0AC79A00586B9F /* GamesHistoryViewController.m */; };
		20A0AC001A0AC95500586B9F /* InactiveGamesViewController.m in Sources */ = {isa = PBXBuildFile; fileRef = 20A0ABFF1A0AC95500586B9F /* InactiveGamesViewController.m */; };
		20AAB1CA1A0519A1008518B5 /* AddContactInfoViewController.m in Sources */ = {isa = PBXBuildFile; fileRef = 20AAB1C91A0519A1008518B5 /* AddContactInfoViewController.m */; };
		20B8817B1C6A17F8003D0CC2 /* game1.jpg in Resources */ = {isa = PBXBuildFile; fileRef = 20B881731C6A17F8003D0CC2 /* game1.jpg */; };
		20B8817C1C6A17F8003D0CC2 /* game2.jpg in Resources */ = {isa = PBXBuildFile; fileRef = 20B881741C6A17F8003D0CC2 /* game2.jpg */; };
		20B8817D1C6A17F8003D0CC2 /* game3.jpg in Resources */ = {isa = PBXBuildFile; fileRef = 20B881751C6A17F8003D0CC2 /* game3.jpg */; };
		20B8817E1C6A17F8003D0CC2 /* game4.jpg in Resources */ = {isa = PBXBuildFile; fileRef = 20B881761C6A17F8003D0CC2 /* game4.jpg */; };
		20B8817F1C6A17F8003D0CC2 /* game5.jpg in Resources */ = {isa = PBXBuildFile; fileRef = 20B881771C6A17F8003D0CC2 /* game5.jpg */; };
		20B881801C6A17F8003D0CC2 /* images.jpg in Resources */ = {isa = PBXBuildFile; fileRef = 20B881781C6A17F8003D0CC2 /* images.jpg */; };
		20B881811C6A17F8003D0CC2 /* logo-final.jpg in Resources */ = {isa = PBXBuildFile; fileRef = 20B881791C6A17F8003D0CC2 /* logo-final.jpg */; };
		20B881821C6A17F8003D0CC2 /* rsz_122-2.jpg in Resources */ = {isa = PBXBuildFile; fileRef = 20B8817A1C6A17F8003D0CC2 /* rsz_122-2.jpg */; };
		20B8818F1C6A193B003D0CC2 /* animation-joystick.jpg in Resources */ = {isa = PBXBuildFile; fileRef = 20B881851C6A193B003D0CC2 /* animation-joystick.jpg */; };
		20B881901C6A193B003D0CC2 /* game0.jpg in Resources */ = {isa = PBXBuildFile; fileRef = 20B881861C6A193B003D0CC2 /* game0.jpg */; };
		20B881911C6A193B003D0CC2 /* game1.jpg in Resources */ = {isa = PBXBuildFile; fileRef = 20B881871C6A193B003D0CC2 /* game1.jpg */; };
		20B881921C6A193B003D0CC2 /* game2.jpg in Resources */ = {isa = PBXBuildFile; fileRef = 20B881881C6A193B003D0CC2 /* game2.jpg */; };
		20B881931C6A193B003D0CC2 /* game3.jpg in Resources */ = {isa = PBXBuildFile; fileRef = 20B881891C6A193B003D0CC2 /* game3.jpg */; };
		20B881941C6A193B003D0CC2 /* game4.jpg in Resources */ = {isa = PBXBuildFile; fileRef = 20B8818A1C6A193B003D0CC2 /* game4.jpg */; };
		20B881951C6A193B003D0CC2 /* game5.jpg in Resources */ = {isa = PBXBuildFile; fileRef = 20B8818B1C6A193B003D0CC2 /* game5.jpg */; };
		20B881961C6A193B003D0CC2 /* images.jpg in Resources */ = {isa = PBXBuildFile; fileRef = 20B8818C1C6A193B003D0CC2 /* images.jpg */; };
		20B881971C6A193B003D0CC2 /* logo-final.jpg in Resources */ = {isa = PBXBuildFile; fileRef = 20B8818D1C6A193B003D0CC2 /* logo-final.jpg */; };
		20B881981C6A193B003D0CC2 /* rsz_122-2.jpg in Resources */ = {isa = PBXBuildFile; fileRef = 20B8818E1C6A193B003D0CC2 /* rsz_122-2.jpg */; };
		20B8819A1C6A1A11003D0CC2 /* animation-joystick.jpg in Resources */ = {isa = PBXBuildFile; fileRef = 20B881991C6A1A11003D0CC2 /* animation-joystick.jpg */; };
		841C06871A06992500008225 /* AudioToolbox.framework in Frameworks */ = {isa = PBXBuildFile; fileRef = 841C067D1A06992500008225 /* AudioToolbox.framework */; };
		841C06881A06992500008225 /* CFNetwork.framework in Frameworks */ = {isa = PBXBuildFile; fileRef = 841C067E1A06992500008225 /* CFNetwork.framework */; };
		841C06891A06992500008225 /* CoreGraphics.framework in Frameworks */ = {isa = PBXBuildFile; fileRef = 841C067F1A06992500008225 /* CoreGraphics.framework */; };
		841C068A1A06992500008225 /* CoreLocation.framework in Frameworks */ = {isa = PBXBuildFile; fileRef = 841C06801A06992500008225 /* CoreLocation.framework */; };
		841C068B1A06992500008225 /* libz.dylib in Frameworks */ = {isa = PBXBuildFile; fileRef = 841C06811A06992500008225 /* libz.dylib */; };
		841C068C1A06992500008225 /* MobileCoreServices.framework in Frameworks */ = {isa = PBXBuildFile; fileRef = 841C06821A06992500008225 /* MobileCoreServices.framework */; };
		841C068D1A06992500008225 /* QuartzCore.framework in Frameworks */ = {isa = PBXBuildFile; fileRef = 841C06831A06992500008225 /* QuartzCore.framework */; };
		841C068E1A06992500008225 /* Security.framework in Frameworks */ = {isa = PBXBuildFile; fileRef = 841C06841A06992500008225 /* Security.framework */; };
		841C068F1A06992500008225 /* StoreKit.framework in Frameworks */ = {isa = PBXBuildFile; fileRef = 841C06851A06992500008225 /* StoreKit.framework */; };
		841C06901A06992500008225 /* SystemConfiguration.framework in Frameworks */ = {isa = PBXBuildFile; fileRef = 841C06861A06992500008225 /* SystemConfiguration.framework */; };
		841C06931A069BB500008225 /* Game.m in Sources */ = {isa = PBXBuildFile; fileRef = 841C06921A069BB500008225 /* Game.m */; };
		841C06971A06D54200008225 /* DatabaseRequester.m in Sources */ = {isa = PBXBuildFile; fileRef = 841C06961A06D54200008225 /* DatabaseRequester.m */; };
		841C06991A06DE4200008225 /* HomeUITableViewCell.xib in Resources */ = {isa = PBXBuildFile; fileRef = 841C06981A06DE4200008225 /* HomeUITableViewCell.xib */; };
		841C069C1A06DF0D00008225 /* HomeUITableViewCell.m in Sources */ = {isa = PBXBuildFile; fileRef = 841C069B1A06DF0D00008225 /* HomeUITableViewCell.m */; };
		844F21EF1A07EC3400DD6D2A /* Bolts.framework in Frameworks */ = {isa = PBXBuildFile; fileRef = 844F21EC1A07EC3400DD6D2A /* Bolts.framework */; };
		844F21F01A07EC3400DD6D2A /* Parse.framework in Frameworks */ = {isa = PBXBuildFile; fileRef = 844F21ED1A07EC3400DD6D2A /* Parse.framework */; };
		844F21F11A07EC3400DD6D2A /* ParseFacebookUtils.framework in Frameworks */ = {isa = PBXBuildFile; fileRef = 844F21EE1A07EC3400DD6D2A /* ParseFacebookUtils.framework */; };
		849607F31A0DA0A5007488A1 /* WebFacebookViewController.m in Sources */ = {isa = PBXBuildFile; fileRef = 849607F21A0DA0A5007488A1 /* WebFacebookViewController.m */; };
		849B201F1A09979400F2C050 /* Meeting.m in Sources */ = {isa = PBXBuildFile; fileRef = 849B201E1A09979400F2C050 /* Meeting.m */; };
		84AA8BE31A0A621D006CFC74 /* Spinner.m in Sources */ = {isa = PBXBuildFile; fileRef = 84AA8BE21A0A621D006CFC74 /* Spinner.m */; };
		84AB2A031A0BD59900EB3ACA /* GameBidsTableViewController.m in Sources */ = {isa = PBXBuildFile; fileRef = 84AB2A021A0BD59900EB3ACA /* GameBidsTableViewController.m */; };
		84AF66041A0CD2A40039553F /* GameBidsUITableViewCell.xib in Resources */ = {isa = PBXBuildFile; fileRef = 84AF66031A0CD2A40039553F /* GameBidsUITableViewCell.xib */; };
		84AF66071A0CD33D0039553F /* GameBidsUITableViewCell.m in Sources */ = {isa = PBXBuildFile; fileRef = 84AF66061A0CD33D0039553F /* GameBidsUITableViewCell.m */; };
/* End PBXBuildFile section */

/* Begin PBXContainerItemProxy section */
		209B82631A0294DE0038CE29 /* PBXContainerItemProxy */ = {
			isa = PBXContainerItemProxy;
			containerPortal = 209B82411A0294DD0038CE29 /* Project object */;
			proxyType = 1;
			remoteGlobalIDString = 209B82481A0294DD0038CE29;
			remoteInfo = Pets;
		};
/* End PBXContainerItemProxy section */

/* Begin PBXFileReference section */
		2049E1FA1C6737C700FA38D4 /* Games-Bridging-Header.h */ = {isa = PBXFileReference; lastKnownFileType = sourcecode.c.h; path = "Games-Bridging-Header.h"; sourceTree = "<group>"; };
		2049E1FB1C6737C800FA38D4 /* Reachability.swift */ = {isa = PBXFileReference; fileEncoding = 4; lastKnownFileType = sourcecode.swift; path = Reachability.swift; sourceTree = "<group>"; };
		209926FE1A0FD23100D2EE4C /* CoreData.framework */ = {isa = PBXFileReference; lastKnownFileType = wrapper.framework; name = CoreData.framework; path = System/Library/Frameworks/CoreData.framework; sourceTree = SDKROOT; };
		209927011A0FD4FD00D2EE4C /* Games.xcdatamodel */ = {isa = PBXFileReference; lastKnownFileType = wrapper.xcdatamodel; path = Games.xcdatamodel; sourceTree = "<group>"; };
		2099DF961A0BE09D00A493F5 /* QuoteDispenser.h */ = {isa = PBXFileReference; fileEncoding = 4; lastKnownFileType = sourcecode.c.h; path = QuoteDispenser.h; sourceTree = "<group>"; };
		2099DF971A0BE09D00A493F5 /* QuoteDispenser.m */ = {isa = PBXFileReference; fileEncoding = 4; lastKnownFileType = sourcecode.c.objc; path = QuoteDispenser.m; sourceTree = "<group>"; };
		2099DF991A0C1AB900A493F5 /* GameUITableViewCell.xib */ = {isa = PBXFileReference; fileEncoding = 4; lastKnownFileType = file.xib; path = GameUITableViewCell.xib; sourceTree = "<group>"; };
		2099DF9E1A0C1BE500A493F5 /* GameUITableViewCell.h */ = {isa = PBXFileReference; fileEncoding = 4; lastKnownFileType = sourcecode.c.h; path = GameUITableViewCell.h; sourceTree = "<group>"; };
		2099DF9F1A0C1BE500A493F5 /* GameUITableViewCell.m */ = {isa = PBXFileReference; fileEncoding = 4; lastKnownFileType = sourcecode.c.objc; path = GameUITableViewCell.m; sourceTree = "<group>"; };
		209A5A3D1A0CE4CA00F4FF81 /* BidsViewController.h */ = {isa = PBXFileReference; fileEncoding = 4; lastKnownFileType = sourcecode.c.h; path = BidsViewController.h; sourceTree = "<group>"; };
		209A5A3E1A0CE4CA00F4FF81 /* BidsViewController.m */ = {isa = PBXFileReference; fileEncoding = 4; lastKnownFileType = sourcecode.c.objc; path = BidsViewController.m; sourceTree = "<group>"; };
		209A5A411A0CE50100F4FF81 /* ApprovedBidsViewController.h */ = {isa = PBXFileReference; fileEncoding = 4; lastKnownFileType = sourcecode.c.h; path = ApprovedBidsViewController.h; sourceTree = "<group>"; };
		209A5A421A0CE50100F4FF81 /* ApprovedBidsViewController.m */ = {isa = PBXFileReference; fileEncoding = 4; lastKnownFileType = sourcecode.c.objc; path = ApprovedBidsViewController.m; sourceTree = "<group>"; };
		209A5A441A0CE77C00F4FF81 /* PendingBidsViewController.h */ = {isa = PBXFileReference; fileEncoding = 4; lastKnownFileType = sourcecode.c.h; path = PendingBidsViewController.h; sourceTree = "<group>"; };
		209A5A451A0CE77C00F4FF81 /* PendingBidsViewController.m */ = {isa = PBXFileReference; fileEncoding = 4; lastKnownFileType = sourcecode.c.objc; path = PendingBidsViewController.m; sourceTree = "<group>"; };
		209A5A471A0CE79500F4FF81 /* RejectedBidsViewController.h */ = {isa = PBXFileReference; fileEncoding = 4; lastKnownFileType = sourcecode.c.h; path = RejectedBidsViewController.h; sourceTree = "<group>"; };
		209A5A481A0CE79500F4FF81 /* RejectedBidsViewController.m */ = {isa = PBXFileReference; fileEncoding = 4; lastKnownFileType = sourcecode.c.objc; path = RejectedBidsViewController.m; sourceTree = "<group>"; };
		209A77C61A02E6D400A5BC2B /* HomeTableViewController.h */ = {isa = PBXFileReference; fileEncoding = 4; lastKnownFileType = sourcecode.c.h; path = HomeTableViewController.h; sourceTree = "<group>"; };
		209A77C71A02E6D400A5BC2B /* HomeTableViewController.m */ = {isa = PBXFileReference; fileEncoding = 4; lastKnownFileType = sourcecode.c.objc; path = HomeTableViewController.m; sourceTree = "<group>"; };
		209A77CC1A02F1F200A5BC2B /* ActiveGamesViewController.h */ = {isa = PBXFileReference; fileEncoding = 4; lastKnownFileType = sourcecode.c.h; path = ActiveGamesViewController.h; sourceTree = "<group>"; };
		209A77CD1A02F1F200A5BC2B /* ActiveGamesViewController.m */ = {isa = PBXFileReference; fileEncoding = 4; lastKnownFileType = sourcecode.c.objc; path = ActiveGamesViewController.m; sourceTree = "<group>"; };
		209B28691A0EE33D006A96D9 /* EditProfileViewController.h */ = {isa = PBXFileReference; fileEncoding = 4; lastKnownFileType = sourcecode.c.h; path = EditProfileViewController.h; sourceTree = "<group>"; };
		209B286A1A0EE33D006A96D9 /* EditProfileViewController.m */ = {isa = PBXFileReference; fileEncoding = 4; lastKnownFileType = sourcecode.c.objc; path = EditProfileViewController.m; sourceTree = "<group>"; };
		209B286C1A0EF126006A96D9 /* BidAuthorContactsViewController.h */ = {isa = PBXFileReference; fileEncoding = 4; lastKnownFileType = sourcecode.c.h; path = BidAuthorContactsViewController.h; sourceTree = "<group>"; };
		209B286D1A0EF126006A96D9 /* BidAuthorContactsViewController.m */ = {isa = PBXFileReference; fileEncoding = 4; lastKnownFileType = sourcecode.c.objc; path = BidAuthorContactsViewController.m; sourceTree = "<group>"; };
		209B59791A07EF2000C2C39C /* FacebookSDK.framework */ = {isa = PBXFileReference; lastKnownFileType = wrapper.framework; path = FacebookSDK.framework; sourceTree = "<group>"; };
		209B82491A0294DE0038CE29 /* Games.app */ = {isa = PBXFileReference; explicitFileType = wrapper.application; includeInIndex = 0; path = Games.app; sourceTree = BUILT_PRODUCTS_DIR; };
		209B824D1A0294DE0038CE29 /* Info.plist */ = {isa = PBXFileReference; lastKnownFileType = text.plist.xml; path = Info.plist; sourceTree = "<group>"; };
		209B824E1A0294DE0038CE29 /* main.m */ = {isa = PBXFileReference; lastKnownFileType = sourcecode.c.objc; path = main.m; sourceTree = "<group>"; };
		209B82501A0294DE0038CE29 /* AppDelegate.h */ = {isa = PBXFileReference; lastKnownFileType = sourcecode.c.h; path = AppDelegate.h; sourceTree = "<group>"; };
		209B82511A0294DE0038CE29 /* AppDelegate.m */ = {isa = PBXFileReference; lastKnownFileType = sourcecode.c.objc; path = AppDelegate.m; sourceTree = "<group>"; };
		209B82571A0294DE0038CE29 /* Base */ = {isa = PBXFileReference; lastKnownFileType = file.storyboard; name = Base; path = Base.lproj/Main.storyboard; sourceTree = "<group>"; };
		209B82591A0294DE0038CE29 /* Images.xcassets */ = {isa = PBXFileReference; lastKnownFileType = folder.assetcatalog; path = Images.xcassets; sourceTree = "<group>"; };
		209B825C1A0294DE0038CE29 /* Base */ = {isa = PBXFileReference; lastKnownFileType = file.xib; name = Base; path = Base.lproj/LaunchScreen.xib; sourceTree = "<group>"; };
		209B82621A0294DE0038CE29 /* Games.xctest */ = {isa = PBXFileReference; explicitFileType = wrapper.cfbundle; includeInIndex = 0; path = Games.xctest; sourceTree = BUILT_PRODUCTS_DIR; };
		209B82731A02953A0038CE29 /* LoginViewController.h */ = {isa = PBXFileReference; fileEncoding = 4; lastKnownFileType = sourcecode.c.h; path = LoginViewController.h; sourceTree = "<group>"; };
		209B82741A02953A0038CE29 /* LoginViewController.m */ = {isa = PBXFileReference; fileEncoding = 4; lastKnownFileType = sourcecode.c.objc; path = LoginViewController.m; sourceTree = "<group>"; };
		209B82791A029ABC0038CE29 /* ProfileViewController.h */ = {isa = PBXFileReference; fileEncoding = 4; lastKnownFileType = sourcecode.c.h; path = ProfileViewController.h; sourceTree = "<group>"; };
		209B827A1A029ABC0038CE29 /* ProfileViewController.m */ = {isa = PBXFileReference; fileEncoding = 4; lastKnownFileType = sourcecode.c.objc; path = ProfileViewController.m; sourceTree = "<group>"; };
		209B827F1A029B910038CE29 /* AddGameViewController.h */ = {isa = PBXFileReference; fileEncoding = 4; lastKnownFileType = sourcecode.c.h; path = AddGameViewController.h; sourceTree = "<group>"; };
		209B82801A029B910038CE29 /* AddGameViewController.m */ = {isa = PBXFileReference; fileEncoding = 4; lastKnownFileType = sourcecode.c.objc; path = AddGameViewController.m; sourceTree = "<group>"; };
		209B82821A029BA20038CE29 /* GameDetailsViewController.h */ = {isa = PBXFileReference; fileEncoding = 4; lastKnownFileType = sourcecode.c.h; path = GameDetailsViewController.h; sourceTree = "<group>"; };
		209B82831A029BA20038CE29 /* GameDetailsViewController.m */ = {isa = PBXFileReference; fileEncoding = 4; lastKnownFileType = sourcecode.c.objc; path = GameDetailsViewController.m; sourceTree = "<group>"; };
		209BD5D31A0679AF00692E5A /* CoreLocation.framework */ = {isa = PBXFileReference; lastKnownFileType = wrapper.framework; name = CoreLocation.framework; path = System/Library/Frameworks/CoreLocation.framework; sourceTree = SDKROOT; };
		20A0ABEB1A0AB79F00586B9F /* Utils.h */ = {isa = PBXFileReference; fileEncoding = 4; lastKnownFileType = sourcecode.c.h; path = Utils.h; sourceTree = "<group>"; };
		20A0ABEC1A0AB79F00586B9F /* Utils.m */ = {isa = PBXFileReference; fileEncoding = 4; lastKnownFileType = sourcecode.c.objc; path = Utils.m; sourceTree = "<group>"; };
		20A0ABFB1A0AC79A00586B9F /* GamesHistoryViewController.h */ = {isa = PBXFileReference; fileEncoding = 4; lastKnownFileType = sourcecode.c.h; path = GamesHistoryViewController.h; sourceTree = "<group>"; };
		20A0ABFC1A0AC79A00586B9F /* GamesHistoryViewController.m */ = {isa = PBXFileReference; fileEncoding = 4; lastKnownFileType = sourcecode.c.objc; path = GamesHistoryViewController.m; sourceTree = "<group>"; };
		20A0ABFE1A0AC95500586B9F /* InactiveGamesViewController.h */ = {isa = PBXFileReference; fileEncoding = 4; lastKnownFileType = sourcecode.c.h; path = InactiveGamesViewController.h; sourceTree = "<group>"; };
		20A0ABFF1A0AC95500586B9F /* InactiveGamesViewController.m */ = {isa = PBXFileReference; fileEncoding = 4; lastKnownFileType = sourcecode.c.objc; path = InactiveGamesViewController.m; sourceTree = "<group>"; };
		20AAB1C81A0519A1008518B5 /* AddContactInfoViewController.h */ = {isa = PBXFileReference; fileEncoding = 4; lastKnownFileType = sourcecode.c.h; path = AddContactInfoViewController.h; sourceTree = "<group>"; };
		20AAB1C91A0519A1008518B5 /* AddContactInfoViewController.m */ = {isa = PBXFileReference; fileEncoding = 4; lastKnownFileType = sourcecode.c.objc; path = AddContactInfoViewController.m; sourceTree = "<group>"; };
		20B881731C6A17F8003D0CC2 /* game1.jpg */ = {isa = PBXFileReference; lastKnownFileType = image.jpeg; path = game1.jpg; sourceTree = "<group>"; };
		20B881741C6A17F8003D0CC2 /* game2.jpg */ = {isa = PBXFileReference; lastKnownFileType = image.jpeg; path = game2.jpg; sourceTree = "<group>"; };
		20B881751C6A17F8003D0CC2 /* game3.jpg */ = {isa = PBXFileReference; lastKnownFileType = image.jpeg; path = game3.jpg; sourceTree = "<group>"; };
		20B881761C6A17F8003D0CC2 /* game4.jpg */ = {isa = PBXFileReference; lastKnownFileType = image.jpeg; path = game4.jpg; sourceTree = "<group>"; };
		20B881771C6A17F8003D0CC2 /* game5.jpg */ = {isa = PBXFileReference; lastKnownFileType = image.jpeg; path = game5.jpg; sourceTree = "<group>"; };
		20B881781C6A17F8003D0CC2 /* images.jpg */ = {isa = PBXFileReference; lastKnownFileType = image.jpeg; path = images.jpg; sourceTree = "<group>"; };
		20B881791C6A17F8003D0CC2 /* logo-final.jpg */ = {isa = PBXFileReference; lastKnownFileType = image.jpeg; path = "logo-final.jpg"; sourceTree = "<group>"; };
		20B8817A1C6A17F8003D0CC2 /* rsz_122-2.jpg */ = {isa = PBXFileReference; lastKnownFileType = image.jpeg; path = "rsz_122-2.jpg"; sourceTree = "<group>"; };
		20B881851C6A193B003D0CC2 /* animation-joystick.jpg */ = {isa = PBXFileReference; lastKnownFileType = image.jpeg; name = "animation-joystick.jpg"; path = "Images/animation-joystick.jpg"; sourceTree = "<group>"; };
		20B881861C6A193B003D0CC2 /* game0.jpg */ = {isa = PBXFileReference; lastKnownFileType = image.jpeg; name = game0.jpg; path = Images/game0.jpg; sourceTree = "<group>"; };
		20B881871C6A193B003D0CC2 /* game1.jpg */ = {isa = PBXFileReference; lastKnownFileType = image.jpeg; name = game1.jpg; path = Images/game1.jpg; sourceTree = "<group>"; };
		20B881881C6A193B003D0CC2 /* game2.jpg */ = {isa = PBXFileReference; lastKnownFileType = image.jpeg; name = game2.jpg; path = Images/game2.jpg; sourceTree = "<group>"; };
		20B881891C6A193B003D0CC2 /* game3.jpg */ = {isa = PBXFileReference; lastKnownFileType = image.jpeg; name = game3.jpg; path = Images/game3.jpg; sourceTree = "<group>"; };
		20B8818A1C6A193B003D0CC2 /* game4.jpg */ = {isa = PBXFileReference; lastKnownFileType = image.jpeg; name = game4.jpg; path = Images/game4.jpg; sourceTree = "<group>"; };
		20B8818B1C6A193B003D0CC2 /* game5.jpg */ = {isa = PBXFileReference; lastKnownFileType = image.jpeg; name = game5.jpg; path = Images/game5.jpg; sourceTree = "<group>"; };
		20B8818C1C6A193B003D0CC2 /* images.jpg */ = {isa = PBXFileReference; lastKnownFileType = image.jpeg; name = images.jpg; path = Images/images.jpg; sourceTree = "<group>"; };
		20B8818D1C6A193B003D0CC2 /* logo-final.jpg */ = {isa = PBXFileReference; lastKnownFileType = image.jpeg; name = "logo-final.jpg"; path = "Images/logo-final.jpg"; sourceTree = "<group>"; };
		20B8818E1C6A193B003D0CC2 /* rsz_122-2.jpg */ = {isa = PBXFileReference; lastKnownFileType = image.jpeg; name = "rsz_122-2.jpg"; path = "Images/rsz_122-2.jpg"; sourceTree = "<group>"; };
		20B881991C6A1A11003D0CC2 /* animation-joystick.jpg */ = {isa = PBXFileReference; lastKnownFileType = image.jpeg; name = "animation-joystick.jpg"; path = "../../pics/animation-joystick.jpg"; sourceTree = "<group>"; };
		841C067D1A06992500008225 /* AudioToolbox.framework */ = {isa = PBXFileReference; lastKnownFileType = wrapper.framework; name = AudioToolbox.framework; path = System/Library/Frameworks/AudioToolbox.framework; sourceTree = SDKROOT; };
		841C067E1A06992500008225 /* CFNetwork.framework */ = {isa = PBXFileReference; lastKnownFileType = wrapper.framework; name = CFNetwork.framework; path = System/Library/Frameworks/CFNetwork.framework; sourceTree = SDKROOT; };
		841C067F1A06992500008225 /* CoreGraphics.framework */ = {isa = PBXFileReference; lastKnownFileType = wrapper.framework; name = CoreGraphics.framework; path = System/Library/Frameworks/CoreGraphics.framework; sourceTree = SDKROOT; };
		841C06801A06992500008225 /* CoreLocation.framework */ = {isa = PBXFileReference; lastKnownFileType = wrapper.framework; name = CoreLocation.framework; path = System/Library/Frameworks/CoreLocation.framework; sourceTree = SDKROOT; };
		841C06811A06992500008225 /* libz.dylib */ = {isa = PBXFileReference; lastKnownFileType = "compiled.mach-o.dylib"; name = libz.dylib; path = usr/lib/libz.dylib; sourceTree = SDKROOT; };
		841C06821A06992500008225 /* MobileCoreServices.framework */ = {isa = PBXFileReference; lastKnownFileType = wrapper.framework; name = MobileCoreServices.framework; path = System/Library/Frameworks/MobileCoreServices.framework; sourceTree = SDKROOT; };
		841C06831A06992500008225 /* QuartzCore.framework */ = {isa = PBXFileReference; lastKnownFileType = wrapper.framework; name = QuartzCore.framework; path = System/Library/Frameworks/QuartzCore.framework; sourceTree = SDKROOT; };
		841C06841A06992500008225 /* Security.framework */ = {isa = PBXFileReference; lastKnownFileType = wrapper.framework; name = Security.framework; path = System/Library/Frameworks/Security.framework; sourceTree = SDKROOT; };
		841C06851A06992500008225 /* StoreKit.framework */ = {isa = PBXFileReference; lastKnownFileType = wrapper.framework; name = StoreKit.framework; path = System/Library/Frameworks/StoreKit.framework; sourceTree = SDKROOT; };
		841C06861A06992500008225 /* SystemConfiguration.framework */ = {isa = PBXFileReference; lastKnownFileType = wrapper.framework; name = SystemConfiguration.framework; path = System/Library/Frameworks/SystemConfiguration.framework; sourceTree = SDKROOT; };
		841C06911A069BB500008225 /* Game.h */ = {isa = PBXFileReference; fileEncoding = 4; lastKnownFileType = sourcecode.c.h; path = Game.h; sourceTree = "<group>"; };
		841C06921A069BB500008225 /* Game.m */ = {isa = PBXFileReference; fileEncoding = 4; lastKnownFileType = sourcecode.c.objc; path = Game.m; sourceTree = "<group>"; };
		841C06951A06D54200008225 /* DatabaseRequester.h */ = {isa = PBXFileReference; fileEncoding = 4; lastKnownFileType = sourcecode.c.h; path = DatabaseRequester.h; sourceTree = "<group>"; };
		841C06961A06D54200008225 /* DatabaseRequester.m */ = {isa = PBXFileReference; fileEncoding = 4; lastKnownFileType = sourcecode.c.objc; path = DatabaseRequester.m; sourceTree = "<group>"; };
		841C06981A06DE4200008225 /* HomeUITableViewCell.xib */ = {isa = PBXFileReference; fileEncoding = 4; lastKnownFileType = file.xib; path = HomeUITableViewCell.xib; sourceTree = "<group>"; };
		841C069A1A06DF0D00008225 /* HomeUITableViewCell.h */ = {isa = PBXFileReference; fileEncoding = 4; lastKnownFileType = sourcecode.c.h; path = HomeUITableViewCell.h; sourceTree = "<group>"; };
		841C069B1A06DF0D00008225 /* HomeUITableViewCell.m */ = {isa = PBXFileReference; fileEncoding = 4; lastKnownFileType = sourcecode.c.objc; path = HomeUITableViewCell.m; sourceTree = "<group>"; };
		844F21EC1A07EC3400DD6D2A /* Bolts.framework */ = {isa = PBXFileReference; lastKnownFileType = wrapper.framework; name = Bolts.framework; path = Libs/ParseSDK/Bolts.framework; sourceTree = "<group>"; };
		844F21ED1A07EC3400DD6D2A /* Parse.framework */ = {isa = PBXFileReference; lastKnownFileType = wrapper.framework; name = Parse.framework; path = Libs/ParseSDK/Parse.framework; sourceTree = "<group>"; };
		844F21EE1A07EC3400DD6D2A /* ParseFacebookUtils.framework */ = {isa = PBXFileReference; lastKnownFileType = wrapper.framework; name = ParseFacebookUtils.framework; path = Libs/ParseSDK/ParseFacebookUtils.framework; sourceTree = "<group>"; };
		849607F11A0DA0A5007488A1 /* WebFacebookViewController.h */ = {isa = PBXFileReference; fileEncoding = 4; lastKnownFileType = sourcecode.c.h; path = WebFacebookViewController.h; sourceTree = "<group>"; };
		849607F21A0DA0A5007488A1 /* WebFacebookViewController.m */ = {isa = PBXFileReference; fileEncoding = 4; lastKnownFileType = sourcecode.c.objc; path = WebFacebookViewController.m; sourceTree = "<group>"; };
		849B201D1A09979400F2C050 /* Meeting.h */ = {isa = PBXFileReference; fileEncoding = 4; lastKnownFileType = sourcecode.c.h; path = Meeting.h; sourceTree = "<group>"; };
		849B201E1A09979400F2C050 /* Meeting.m */ = {isa = PBXFileReference; fileEncoding = 4; lastKnownFileType = sourcecode.c.objc; path = Meeting.m; sourceTree = "<group>"; };
		84AA8BE11A0A621D006CFC74 /* Spinner.h */ = {isa = PBXFileReference; fileEncoding = 4; lastKnownFileType = sourcecode.c.h; path = Spinner.h; sourceTree = "<group>"; };
		84AA8BE21A0A621D006CFC74 /* Spinner.m */ = {isa = PBXFileReference; fileEncoding = 4; lastKnownFileType = sourcecode.c.objc; path = Spinner.m; sourceTree = "<group>"; };
		84AB2A011A0BD59900EB3ACA /* GameBidsTableViewController.h */ = {isa = PBXFileReference; fileEncoding = 4; lastKnownFileType = sourcecode.c.h; path = GameBidsTableViewController.h; sourceTree = "<group>"; };
		84AB2A021A0BD59900EB3ACA /* GameBidsTableViewController.m */ = {isa = PBXFileReference; fileEncoding = 4; lastKnownFileType = sourcecode.c.objc; path = GameBidsTableViewController.m; sourceTree = "<group>"; };
		84AF66031A0CD2A40039553F /* GameBidsUITableViewCell.xib */ = {isa = PBXFileReference; fileEncoding = 4; lastKnownFileType = file.xib; path = GameBidsUITableViewCell.xib; sourceTree = "<group>"; };
		84AF66051A0CD33D0039553F /* GameBidsUITableViewCell.h */ = {isa = PBXFileReference; fileEncoding = 4; lastKnownFileType = sourcecode.c.h; path = GameBidsUITableViewCell.h; sourceTree = "<group>"; };
		84AF66061A0CD33D0039553F /* GameBidsUITableViewCell.m */ = {isa = PBXFileReference; fileEncoding = 4; lastKnownFileType = sourcecode.c.objc; path = GameBidsUITableViewCell.m; sourceTree = "<group>"; };
/* End PBXFileReference section */

/* Begin PBXFrameworksBuildPhase section */
		209B82461A0294DD0038CE29 /* Frameworks */ = {
			isa = PBXFrameworksBuildPhase;
			buildActionMask = 2147483647;
			files = (
				209926FF1A0FD23100D2EE4C /* CoreData.framework in Frameworks */,
				209BD5D41A0679AF00692E5A /* CoreLocation.framework in Frameworks */,
				841C06871A06992500008225 /* AudioToolbox.framework in Frameworks */,
				841C06881A06992500008225 /* CFNetwork.framework in Frameworks */,
				841C06891A06992500008225 /* CoreGraphics.framework in Frameworks */,
				844F21F01A07EC3400DD6D2A /* Parse.framework in Frameworks */,
				841C068A1A06992500008225 /* CoreLocation.framework in Frameworks */,
				841C068B1A06992500008225 /* libz.dylib in Frameworks */,
				841C068C1A06992500008225 /* MobileCoreServices.framework in Frameworks */,
				841C068D1A06992500008225 /* QuartzCore.framework in Frameworks */,
				841C068E1A06992500008225 /* Security.framework in Frameworks */,
				841C068F1A06992500008225 /* StoreKit.framework in Frameworks */,
				209B597A1A07EF2000C2C39C /* FacebookSDK.framework in Frameworks */,
				841C06901A06992500008225 /* SystemConfiguration.framework in Frameworks */,
				844F21F11A07EC3400DD6D2A /* ParseFacebookUtils.framework in Frameworks */,
				844F21EF1A07EC3400DD6D2A /* Bolts.framework in Frameworks */,
			);
			runOnlyForDeploymentPostprocessing = 0;
		};
		209B825F1A0294DE0038CE29 /* Frameworks */ = {
			isa = PBXFrameworksBuildPhase;
			buildActionMask = 2147483647;
			files = (
			);
			runOnlyForDeploymentPostprocessing = 0;
		};
/* End PBXFrameworksBuildPhase section */

/* Begin PBXGroup section */
		209A5A3A1A0CE3BE00F4FF81 /* Images */ = {
			isa = PBXGroup;
			children = (
				20B881991C6A1A11003D0CC2 /* animation-joystick.jpg */,
				20B881851C6A193B003D0CC2 /* animation-joystick.jpg */,
				20B881861C6A193B003D0CC2 /* game0.jpg */,
				20B881871C6A193B003D0CC2 /* game1.jpg */,
				20B881881C6A193B003D0CC2 /* game2.jpg */,
				20B881891C6A193B003D0CC2 /* game3.jpg */,
				20B8818A1C6A193B003D0CC2 /* game4.jpg */,
				20B8818B1C6A193B003D0CC2 /* game5.jpg */,
				20B8818C1C6A193B003D0CC2 /* images.jpg */,
				20B8818D1C6A193B003D0CC2 /* logo-final.jpg */,
				20B8818E1C6A193B003D0CC2 /* rsz_122-2.jpg */,
				20B881731C6A17F8003D0CC2 /* game1.jpg */,
				20B881741C6A17F8003D0CC2 /* game2.jpg */,
				20B881751C6A17F8003D0CC2 /* game3.jpg */,
				20B881761C6A17F8003D0CC2 /* game4.jpg */,
				20B881771C6A17F8003D0CC2 /* game5.jpg */,
				20B881781C6A17F8003D0CC2 /* images.jpg */,
				20B881791C6A17F8003D0CC2 /* logo-final.jpg */,
				20B8817A1C6A17F8003D0CC2 /* rsz_122-2.jpg */,
			);
			name = Images;
			sourceTree = "<group>";
		};
		209A5A4A1A0CE7A300F4FF81 /* BidsTableControllers */ = {
			isa = PBXGroup;
			children = (
				209A5A3D1A0CE4CA00F4FF81 /* BidsViewController.h */,
				209A5A3E1A0CE4CA00F4FF81 /* BidsViewController.m */,
				209A5A411A0CE50100F4FF81 /* ApprovedBidsViewController.h */,
				209A5A421A0CE50100F4FF81 /* ApprovedBidsViewController.m */,
				209A5A441A0CE77C00F4FF81 /* PendingBidsViewController.h */,
				209A5A451A0CE77C00F4FF81 /* PendingBidsViewController.m */,
				209A5A471A0CE79500F4FF81 /* RejectedBidsViewController.h */,
				209A5A481A0CE79500F4FF81 /* RejectedBidsViewController.m */,
				209B286C1A0EF126006A96D9 /* BidAuthorContactsViewController.h */,
				209B286D1A0EF126006A96D9 /* BidAuthorContactsViewController.m */,
			);
			name = BidsTableControllers;
			sourceTree = "<group>";
		};
		209A5A4B1A0CE7CD00F4FF81 /* GamesTableControllers */ = {
			isa = PBXGroup;
			children = (
				20A0ABFB1A0AC79A00586B9F /* GamesHistoryViewController.h */,
				20A0ABFC1A0AC79A00586B9F /* GamesHistoryViewController.m */,
				209A77CC1A02F1F200A5BC2B /* ActiveGamesViewController.h */,
				209A77CD1A02F1F200A5BC2B /* ActiveGamesViewController.m */,
				20A0ABFE1A0AC95500586B9F /* InactiveGamesViewController.h */,
				20A0ABFF1A0AC95500586B9F /* InactiveGamesViewController.m */,
			);
			name = GamesTableControllers;
			sourceTree = "<group>";
		};
		209B59781A07EF2000C2C39C /* FacebookSDK */ = {
			isa = PBXGroup;
			children = (
				209B59791A07EF2000C2C39C /* FacebookSDK.framework */,
			);
			name = FacebookSDK;
			path = Libs/FacebookSDK;
			sourceTree = "<group>";
		};
		209B82401A0294DD0038CE29 = {
			isa = PBXGroup;
			children = (
				209B82761A0297270038CE29 /* Frameworks */,
				209B824B1A0294DE0038CE29 /* Games */,
				209B824A1A0294DE0038CE29 /* Products */,
			);
			sourceTree = "<group>";
		};
		209B824A1A0294DE0038CE29 /* Products */ = {
			isa = PBXGroup;
			children = (
				209B82491A0294DE0038CE29 /* Games.app */,
				209B82621A0294DE0038CE29 /* Games.xctest */,
			);
			name = Products;
			sourceTree = "<group>";
		};
		209B824B1A0294DE0038CE29 /* Games */ = {
			isa = PBXGroup;
			children = (
				84A9B4A51A38F12100447B1D /* ViewModels */,
				209A5A3A1A0CE3BE00F4FF81 /* Images */,
				841C06941A06D4FF00008225 /* Controllers */,
				841C066E1A068EC900008225 /* Models */,
				209B82721A02951E0038CE29 /* ViewControllers */,
				209B82501A0294DE0038CE29 /* AppDelegate.h */,
				209B82511A0294DE0038CE29 /* AppDelegate.m */,
				209B82561A0294DE0038CE29 /* Main.storyboard */,
				209B82591A0294DE0038CE29 /* Images.xcassets */,
				209B825B1A0294DE0038CE29 /* LaunchScreen.xib */,
				209B824C1A0294DE0038CE29 /* Supporting Files */,
				209927001A0FD4FD00D2EE4C /* Games.xcdatamodeld */,
			);
			path = Games;
			sourceTree = "<group>";
		};
		209B824C1A0294DE0038CE29 /* Supporting Files */ = {
			isa = PBXGroup;
			children = (
				209B824D1A0294DE0038CE29 /* Info.plist */,
				209B824E1A0294DE0038CE29 /* main.m */,
			);
			name = "Supporting Files";
			sourceTree = "<group>";
		};
		209B82721A02951E0038CE29 /* ViewControllers */ = {
			isa = PBXGroup;
			children = (
				209B82731A02953A0038CE29 /* LoginViewController.h */,
				209B82741A02953A0038CE29 /* LoginViewController.m */,
				20AAB1C81A0519A1008518B5 /* AddContactInfoViewController.h */,
				20AAB1C91A0519A1008518B5 /* AddContactInfoViewController.m */,
				209B82791A029ABC0038CE29 /* ProfileViewController.h */,
				209B827A1A029ABC0038CE29 /* ProfileViewController.m */,
				209B28691A0EE33D006A96D9 /* EditProfileViewController.h */,
				209B286A1A0EE33D006A96D9 /* EditProfileViewController.m */,
				209A77C61A02E6D400A5BC2B /* HomeTableViewController.h */,
				209A77C71A02E6D400A5BC2B /* HomeTableViewController.m */,
				209B82821A029BA20038CE29 /* GameDetailsViewController.h */,
				209B82831A029BA20038CE29 /* GameDetailsViewController.m */,
				209B827F1A029B910038CE29 /* AddGameViewController.h */,
				209B82801A029B910038CE29 /* AddGameViewController.m */,
				84AB2A011A0BD59900EB3ACA /* GameBidsTableViewController.h */,
				84AB2A021A0BD59900EB3ACA /* GameBidsTableViewController.m */,
				849607F11A0DA0A5007488A1 /* WebFacebookViewController.h */,
				849607F21A0DA0A5007488A1 /* WebFacebookViewController.m */,
				209A5A4B1A0CE7CD00F4FF81 /* GamesTableControllers */,
				209A5A4A1A0CE7A300F4FF81 /* BidsTableControllers */,
			);
			name = ViewControllers;
			sourceTree = "<group>";
		};
		209B82761A0297270038CE29 /* Frameworks */ = {
			isa = PBXGroup;
			children = (
				209926FE1A0FD23100D2EE4C /* CoreData.framework */,
				209B59781A07EF2000C2C39C /* FacebookSDK */,
				209BD5D31A0679AF00692E5A /* CoreLocation.framework */,
				841C06701A068F0D00008225 /* ParseSDK */,
			);
			name = Frameworks;
			sourceTree = "<group>";
		};
		841C066E1A068EC900008225 /* Models */ = {
			isa = PBXGroup;
			children = (
				841C06911A069BB500008225 /* Game.h */,
				841C06921A069BB500008225 /* Game.m */,
				849B201D1A09979400F2C050 /* Meeting.h */,
				849B201E1A09979400F2C050 /* Meeting.m */,
			);
			name = Models;
			sourceTree = "<group>";
		};
		841C06701A068F0D00008225 /* ParseSDK */ = {
			isa = PBXGroup;
			children = (
				844F21EC1A07EC3400DD6D2A /* Bolts.framework */,
				844F21ED1A07EC3400DD6D2A /* Parse.framework */,
				844F21EE1A07EC3400DD6D2A /* ParseFacebookUtils.framework */,
				841C067D1A06992500008225 /* AudioToolbox.framework */,
				841C067E1A06992500008225 /* CFNetwork.framework */,
				841C067F1A06992500008225 /* CoreGraphics.framework */,
				841C06801A06992500008225 /* CoreLocation.framework */,
				841C06811A06992500008225 /* libz.dylib */,
				841C06821A06992500008225 /* MobileCoreServices.framework */,
				841C06831A06992500008225 /* QuartzCore.framework */,
				841C06841A06992500008225 /* Security.framework */,
				841C06851A06992500008225 /* StoreKit.framework */,
				841C06861A06992500008225 /* SystemConfiguration.framework */,
			);
			name = ParseSDK;
			sourceTree = "<group>";
		};
		841C06941A06D4FF00008225 /* Controllers */ = {
			isa = PBXGroup;
			children = (
				841C06951A06D54200008225 /* DatabaseRequester.h */,
				841C06961A06D54200008225 /* DatabaseRequester.m */,
				84AA8BE11A0A621D006CFC74 /* Spinner.h */,
				84AA8BE21A0A621D006CFC74 /* Spinner.m */,
				20A0ABEB1A0AB79F00586B9F /* Utils.h */,
				20A0ABEC1A0AB79F00586B9F /* Utils.m */,
				2099DF961A0BE09D00A493F5 /* QuoteDispenser.h */,
				2099DF971A0BE09D00A493F5 /* QuoteDispenser.m */,
				2049E1FB1C6737C800FA38D4 /* Reachability.swift */,
				2049E1FA1C6737C700FA38D4 /* Games-Bridging-Header.h */,
			);
			name = Controllers;
			sourceTree = "<group>";
		};
		84A9B4A51A38F12100447B1D /* ViewModels */ = {
			isa = PBXGroup;
			children = (
				2099DF991A0C1AB900A493F5 /* GameUITableViewCell.xib */,
				2099DF9E1A0C1BE500A493F5 /* GameUITableViewCell.h */,
				2099DF9F1A0C1BE500A493F5 /* GameUITableViewCell.m */,
				84AF66031A0CD2A40039553F /* GameBidsUITableViewCell.xib */,
				84AF66051A0CD33D0039553F /* GameBidsUITableViewCell.h */,
				84AF66061A0CD33D0039553F /* GameBidsUITableViewCell.m */,
				841C06981A06DE4200008225 /* HomeUITableViewCell.xib */,
				841C069A1A06DF0D00008225 /* HomeUITableViewCell.h */,
				841C069B1A06DF0D00008225 /* HomeUITableViewCell.m */,
			);
			name = ViewModels;
			sourceTree = "<group>";
		};
/* End PBXGroup section */

/* Begin PBXNativeTarget section */
		209B82481A0294DD0038CE29 /* Games */ = {
			isa = PBXNativeTarget;
			buildConfigurationList = 209B826C1A0294DE0038CE29 /* Build configuration list for PBXNativeTarget "Games" */;
			buildPhases = (
				209B82451A0294DD0038CE29 /* Sources */,
				209B82461A0294DD0038CE29 /* Frameworks */,
				209B82471A0294DD0038CE29 /* Resources */,
			);
			buildRules = (
			);
			dependencies = (
			);
			name = Games;
			productName = Pets;
			productReference = 209B82491A0294DE0038CE29 /* Games.app */;
			productType = "com.apple.product-type.application";
		};
		209B82611A0294DE0038CE29 /* GamesTests */ = {
			isa = PBXNativeTarget;
			buildConfigurationList = 209B826F1A0294DE0038CE29 /* Build configuration list for PBXNativeTarget "GamesTests" */;
			buildPhases = (
				209B825E1A0294DE0038CE29 /* Sources */,
				209B825F1A0294DE0038CE29 /* Frameworks */,
				209B82601A0294DE0038CE29 /* Resources */,
			);
			buildRules = (
			);
			dependencies = (
				209B82641A0294DE0038CE29 /* PBXTargetDependency */,
			);
			name = GamesTests;
			productName = PetsTests;
			productReference = 209B82621A0294DE0038CE29 /* Games.xctest */;
			productType = "com.apple.product-type.bundle.unit-test";
		};
/* End PBXNativeTarget section */

/* Begin PBXProject section */
		209B82411A0294DD0038CE29 /* Project object */ = {
			isa = PBXProject;
			attributes = {
				LastSwiftUpdateCheck = 0720;
				LastUpgradeCheck = 0610;
				ORGANIZATIONNAME = "Gosho Goshev";
				TargetAttributes = {
					209B82481A0294DD0038CE29 = {
						CreatedOnToolsVersion = 6.1;
						DevelopmentTeam = BG3JXAS277;
					};
					209B82611A0294DE0038CE29 = {
						CreatedOnToolsVersion = 6.1;
						TestTargetID = 209B82481A0294DD0038CE29;
					};
				};
			};
			buildConfigurationList = 209B82441A0294DD0038CE29 /* Build configuration list for PBXProject "Games" */;
			compatibilityVersion = "Xcode 3.2";
			developmentRegion = English;
			hasScannedForEncodings = 0;
			knownRegions = (
				en,
				Base,
			);
			mainGroup = 209B82401A0294DD0038CE29;
			productRefGroup = 209B824A1A0294DE0038CE29 /* Products */;
			projectDirPath = "";
			projectRoot = "";
			targets = (
				209B82481A0294DD0038CE29 /* Games */,
				209B82611A0294DE0038CE29 /* GamesTests */,
			);
		};
/* End PBXProject section */

/* Begin PBXResourcesBuildPhase section */
		209B82471A0294DD0038CE29 /* Resources */ = {
			isa = PBXResourcesBuildPhase;
			buildActionMask = 2147483647;
			files = (
				20B881971C6A193B003D0CC2 /* logo-final.jpg in Resources */,
				209B82581A0294DE0038CE29 /* Main.storyboard in Resources */,
				20B8817D1C6A17F8003D0CC2 /* game3.jpg in Resources */,
				20B881901C6A193B003D0CC2 /* game0.jpg in Resources */,
				20B881811C6A17F8003D0CC2 /* logo-final.jpg in Resources */,
				209B825D1A0294DE0038CE29 /* LaunchScreen.xib in Resources */,
				20B881961C6A193B003D0CC2 /* images.jpg in Resources */,
				2099DF9A1A0C1AB900A493F5 /* GameUITableViewCell.xib in Resources */,
				20B8817E1C6A17F8003D0CC2 /* game4.jpg in Resources */,
				20B8818F1C6A193B003D0CC2 /* animation-joystick.jpg in Resources */,
				20B8817B1C6A17F8003D0CC2 /* game1.jpg in Resources */,
				20B8817C1C6A17F8003D0CC2 /* game2.jpg in Resources */,
				20B881921C6A193B003D0CC2 /* game2.jpg in Resources */,
				20B8817F1C6A17F8003D0CC2 /* game5.jpg in Resources */,
				20B881981C6A193B003D0CC2 /* rsz_122-2.jpg in Resources */,
				841C06991A06DE4200008225 /* HomeUITableViewCell.xib in Resources */,
				20B8819A1C6A1A11003D0CC2 /* animation-joystick.jpg in Resources */,
				20B881821C6A17F8003D0CC2 /* rsz_122-2.jpg in Resources */,
				20B881941C6A193B003D0CC2 /* game4.jpg in Resources */,
				84AF66041A0CD2A40039553F /* GameBidsUITableViewCell.xib in Resources */,
				20B881911C6A193B003D0CC2 /* game1.jpg in Resources */,
				209B825A1A0294DE0038CE29 /* Images.xcassets in Resources */,
				20B881931C6A193B003D0CC2 /* game3.jpg in Resources */,
				20B881951C6A193B003D0CC2 /* game5.jpg in Resources */,
				20B881801C6A17F8003D0CC2 /* images.jpg in Resources */,
			);
			runOnlyForDeploymentPostprocessing = 0;
		};
		209B82601A0294DE0038CE29 /* Resources */ = {
			isa = PBXResourcesBuildPhase;
			buildActionMask = 2147483647;
			files = (
			);
			runOnlyForDeploymentPostprocessing = 0;
		};
/* End PBXResourcesBuildPhase section */

/* Begin PBXSourcesBuildPhase section */
		209B82451A0294DD0038CE29 /* Sources */ = {
			isa = PBXSourcesBuildPhase;
			buildActionMask = 2147483647;
			files = (
				20A0ABFD1A0AC79A00586B9F /* GamesHistoryViewController.m in Sources */,
				849607F31A0DA0A5007488A1 /* WebFacebookViewController.m in Sources */,
				209B82841A029BA20038CE29 /* GameDetailsViewController.m in Sources */,
				2049E1FC1C6737C800FA38D4 /* Reachability.swift in Sources */,
				20A0AC001A0AC95500586B9F /* InactiveGamesViewController.m in Sources */,
				20AAB1CA1A0519A1008518B5 /* AddContactInfoViewController.m in Sources */,
				209A5A461A0CE77C00F4FF81 /* PendingBidsViewController.m in Sources */,
				84AA8BE31A0A621D006CFC74 /* Spinner.m in Sources */,
				209B82521A0294DE0038CE29 /* AppDelegate.m in Sources */,
				841C06971A06D54200008225 /* DatabaseRequester.m in Sources */,
				209B824F1A0294DE0038CE29 /* main.m in Sources */,
				84AB2A031A0BD59900EB3ACA /* GameBidsTableViewController.m in Sources */,
				209A5A431A0CE50100F4FF81 /* ApprovedBidsViewController.m in Sources */,
				209A77C81A02E6D400A5BC2B /* HomeTableViewController.m in Sources */,
				841C06931A069BB500008225 /* Game.m in Sources */,
				209A77CE1A02F1F200A5BC2B /* ActiveGamesViewController.m in Sources */,
				209B827B1A029ABC0038CE29 /* ProfileViewController.m in Sources */,
				209B286E1A0EF126006A96D9 /* BidAuthorContactsViewController.m in Sources */,
				209B286B1A0EE33D006A96D9 /* EditProfileViewController.m in Sources */,
				209A5A491A0CE79500F4FF81 /* RejectedBidsViewController.m in Sources */,
				841C069C1A06DF0D00008225 /* HomeUITableViewCell.m in Sources */,
				2099DF981A0BE09D00A493F5 /* QuoteDispenser.m in Sources */,
				209927021A0FD4FD00D2EE4C /* Games.xcdatamodeld in Sources */,
				209B82751A02953A0038CE29 /* LoginViewController.m in Sources */,
				209B82811A029B910038CE29 /* AddGameViewController.m in Sources */,
				849B201F1A09979400F2C050 /* Meeting.m in Sources */,
				2099DFA01A0C1BE500A493F5 /* GameUITableViewCell.m in Sources */,
				209A5A3F1A0CE4CA00F4FF81 /* BidsViewController.m in Sources */,
				84AF66071A0CD33D0039553F /* GameBidsUITableViewCell.m in Sources */,
				20A0ABED1A0AB79F00586B9F /* Utils.m in Sources */,
			);
			runOnlyForDeploymentPostprocessing = 0;
		};
		209B825E1A0294DE0038CE29 /* Sources */ = {
			isa = PBXSourcesBuildPhase;
			buildActionMask = 2147483647;
			files = (
			);
			runOnlyForDeploymentPostprocessing = 0;
		};
/* End PBXSourcesBuildPhase section */

/* Begin PBXTargetDependency section */
		209B82641A0294DE0038CE29 /* PBXTargetDependency */ = {
			isa = PBXTargetDependency;
			target = 209B82481A0294DD0038CE29 /* Games */;
			targetProxy = 209B82631A0294DE0038CE29 /* PBXContainerItemProxy */;
		};
/* End PBXTargetDependency section */

/* Begin PBXVariantGroup section */
		209B82561A0294DE0038CE29 /* Main.storyboard */ = {
			isa = PBXVariantGroup;
			children = (
				209B82571A0294DE0038CE29 /* Base */,
			);
			name = Main.storyboard;
			sourceTree = "<group>";
		};
		209B825B1A0294DE0038CE29 /* LaunchScreen.xib */ = {
			isa = PBXVariantGroup;
			children = (
				209B825C1A0294DE0038CE29 /* Base */,
			);
			name = LaunchScreen.xib;
			sourceTree = "<group>";
		};
/* End PBXVariantGroup section */

/* Begin XCBuildConfiguration section */
		209B826A1A0294DE0038CE29 /* Debug */ = {
			isa = XCBuildConfiguration;
			buildSettings = {
				ALWAYS_SEARCH_USER_PATHS = NO;
				CLANG_CXX_LANGUAGE_STANDARD = "gnu++0x";
				CLANG_CXX_LIBRARY = "libc++";
				CLANG_ENABLE_MODULES = YES;
				CLANG_ENABLE_OBJC_ARC = YES;
				CLANG_WARN_BOOL_CONVERSION = YES;
				CLANG_WARN_CONSTANT_CONVERSION = YES;
				CLANG_WARN_DIRECT_OBJC_ISA_USAGE = YES_ERROR;
				CLANG_WARN_EMPTY_BODY = YES;
				CLANG_WARN_ENUM_CONVERSION = YES;
				CLANG_WARN_INT_CONVERSION = YES;
				CLANG_WARN_OBJC_ROOT_CLASS = YES_ERROR;
				CLANG_WARN_UNREACHABLE_CODE = YES;
				CLANG_WARN__DUPLICATE_METHOD_MATCH = YES;
				"CODE_SIGN_IDENTITY[sdk=iphoneos*]" = "iPhone Developer";
				COPY_PHASE_STRIP = NO;
				ENABLE_STRICT_OBJC_MSGSEND = YES;
				GCC_C_LANGUAGE_STANDARD = gnu99;
				GCC_DYNAMIC_NO_PIC = NO;
				GCC_OPTIMIZATION_LEVEL = 0;
				GCC_PREPROCESSOR_DEFINITIONS = (
					"DEBUG=1",
					"$(inherited)",
				);
				GCC_SYMBOLS_PRIVATE_EXTERN = NO;
				GCC_WARN_64_TO_32_BIT_CONVERSION = YES;
				GCC_WARN_ABOUT_RETURN_TYPE = YES_ERROR;
				GCC_WARN_UNDECLARED_SELECTOR = YES;
				GCC_WARN_UNINITIALIZED_AUTOS = YES_AGGRESSIVE;
				GCC_WARN_UNUSED_FUNCTION = YES;
				GCC_WARN_UNUSED_VARIABLE = YES;
				IPHONEOS_DEPLOYMENT_TARGET = 8.1;
				MTL_ENABLE_DEBUG_INFO = YES;
				ONLY_ACTIVE_ARCH = YES;
				SDKROOT = iphoneos;
			};
			name = Debug;
		};
		209B826B1A0294DE0038CE29 /* Release */ = {
			isa = XCBuildConfiguration;
			buildSettings = {
				ALWAYS_SEARCH_USER_PATHS = NO;
				CLANG_CXX_LANGUAGE_STANDARD = "gnu++0x";
				CLANG_CXX_LIBRARY = "libc++";
				CLANG_ENABLE_MODULES = YES;
				CLANG_ENABLE_OBJC_ARC = YES;
				CLANG_WARN_BOOL_CONVERSION = YES;
				CLANG_WARN_CONSTANT_CONVERSION = YES;
				CLANG_WARN_DIRECT_OBJC_ISA_USAGE = YES_ERROR;
				CLANG_WARN_EMPTY_BODY = YES;
				CLANG_WARN_ENUM_CONVERSION = YES;
				CLANG_WARN_INT_CONVERSION = YES;
				CLANG_WARN_OBJC_ROOT_CLASS = YES_ERROR;
				CLANG_WARN_UNREACHABLE_CODE = YES;
				CLANG_WARN__DUPLICATE_METHOD_MATCH = YES;
				"CODE_SIGN_IDENTITY[sdk=iphoneos*]" = "iPhone Developer";
				COPY_PHASE_STRIP = YES;
				ENABLE_NS_ASSERTIONS = NO;
				ENABLE_STRICT_OBJC_MSGSEND = YES;
				GCC_C_LANGUAGE_STANDARD = gnu99;
				GCC_WARN_64_TO_32_BIT_CONVERSION = YES;
				GCC_WARN_ABOUT_RETURN_TYPE = YES_ERROR;
				GCC_WARN_UNDECLARED_SELECTOR = YES;
				GCC_WARN_UNINITIALIZED_AUTOS = YES_AGGRESSIVE;
				GCC_WARN_UNUSED_FUNCTION = YES;
				GCC_WARN_UNUSED_VARIABLE = YES;
				IPHONEOS_DEPLOYMENT_TARGET = 8.1;
				MTL_ENABLE_DEBUG_INFO = NO;
				SDKROOT = iphoneos;
				VALIDATE_PRODUCT = YES;
			};
			name = Release;
		};
		209B826D1A0294DE0038CE29 /* Debug */ = {
			isa = XCBuildConfiguration;
			buildSettings = {
				ASSETCATALOG_COMPILER_APPICON_NAME = AppIcon;
				CLANG_ENABLE_MODULES = YES;
				CODE_SIGN_IDENTITY = "iPhone Developer";
				FRAMEWORK_SEARCH_PATHS = (
					"$(inherited)",
					/Users/goshogoshev/Documents/FacebookSDK,
					/Users/admin/Documents/FacebookSDK,
					/Users/admin/Documents/ParseTest,
					"$(PROJECT_DIR)",
					"$(PROJECT_DIR)/Libs/ParseSDK",
					"$(PROJECT_DIR)/Libs/FacebookSDK",
				);
				INFOPLIST_FILE = Games/Info.plist;
				LD_RUNPATH_SEARCH_PATHS = "$(inherited) @executable_path/Frameworks";
				PRODUCT_NAME = Games;
				SWIFT_OBJC_BRIDGING_HEADER = "Games/Games-Bridging-Header.h";
				SWIFT_OPTIMIZATION_LEVEL = "-Onone";
			};
			name = Debug;
		};
		209B826E1A0294DE0038CE29 /* Release */ = {
			isa = XCBuildConfiguration;
			buildSettings = {
				ASSETCATALOG_COMPILER_APPICON_NAME = AppIcon;
				CLANG_ENABLE_MODULES = YES;
				CODE_SIGN_IDENTITY = "iPhone Developer";
				FRAMEWORK_SEARCH_PATHS = (
					"$(inherited)",
					/Users/goshogoshev/Documents/FacebookSDK,
					/Users/admin/Documents/FacebookSDK,
					/Users/admin/Documents/ParseTest,
					"$(PROJECT_DIR)",
					"$(PROJECT_DIR)/Libs/ParseSDK",
					"$(PROJECT_DIR)/Libs/FacebookSDK",
				);
				INFOPLIST_FILE = Games/Info.plist;
				LD_RUNPATH_SEARCH_PATHS = "$(inherited) @executable_path/Frameworks";
				PRODUCT_NAME = Games;
				SWIFT_OBJC_BRIDGING_HEADER = "Games/Games-Bridging-Header.h";
			};
			name = Release;
		};
		209B82701A0294DE0038CE29 /* Debug */ = {
			isa = XCBuildConfiguration;
			buildSettings = {
				BUNDLE_LOADER = "$(TEST_HOST)";
				FRAMEWORK_SEARCH_PATHS = (
					"$(SDKROOT)/Developer/Library/Frameworks",
					"$(inherited)",
				);
				GCC_PREPROCESSOR_DEFINITIONS = (
					"DEBUG=1",
					"$(inherited)",
				);
				INFOPLIST_FILE = GamesTests/Info.plist;
				LD_RUNPATH_SEARCH_PATHS = "$(inherited) @executable_path/Frameworks @loader_path/Frameworks";
				PRODUCT_NAME = Games;
				TEST_HOST = "$(BUILT_PRODUCTS_DIR)/Games.app/Games";
			};
			name = Debug;
		};
		209B82711A0294DE0038CE29 /* Release */ = {
			isa = XCBuildConfiguration;
			buildSettings = {
				BUNDLE_LOADER = "$(TEST_HOST)";
				FRAMEWORK_SEARCH_PATHS = (
					"$(SDKROOT)/Developer/Library/Frameworks",
					"$(inherited)",
				);
				INFOPLIST_FILE = GamesTests/Info.plist;
				LD_RUNPATH_SEARCH_PATHS = "$(inherited) @executable_path/Frameworks @loader_path/Frameworks";
				PRODUCT_NAME = Games;
				TEST_HOST = "$(BUILT_PRODUCTS_DIR)/Games.app/Games";
			};
			name = Release;
		};
/* End XCBuildConfiguration section */

/* Begin XCConfigurationList section */
		209B82441A0294DD0038CE29 /* Build configuration list for PBXProject "Games" */ = {
			isa = XCConfigurationList;
			buildConfigurations = (
				209B826A1A0294DE0038CE29 /* Debug */,
				209B826B1A0294DE0038CE29 /* Release */,
			);
			defaultConfigurationIsVisible = 0;
			defaultConfigurationName = Release;
		};
		209B826C1A0294DE0038CE29 /* Build configuration list for PBXNativeTarget "Games" */ = {
			isa = XCConfigurationList;
			buildConfigurations = (
				209B826D1A0294DE0038CE29 /* Debug */,
				209B826E1A0294DE0038CE29 /* Release */,
			);
			defaultConfigurationIsVisible = 0;
			defaultConfigurationName = Release;
		};
		209B826F1A0294DE0038CE29 /* Build configuration list for PBXNativeTarget "GamesTests" */ = {
			isa = XCConfigurationList;
			buildConfigurations = (
				209B82701A0294DE0038CE29 /* Debug */,
				209B82711A0294DE0038CE29 /* Release */,
			);
			defaultConfigurationIsVisible = 0;
			defaultConfigurationName = Release;
		};
/* End XCConfigurationList section */

/* Begin XCVersionGroup section */
		209927001A0FD4FD00D2EE4C /* Games.xcdatamodeld */ = {
			isa = XCVersionGroup;
			children = (
				209927011A0FD4FD00D2EE4C /* Games.xcdatamodel */,
			);
			currentVersion = 209927011A0FD4FD00D2EE4C /* Games.xcdatamodel */;
			path = Games.xcdatamodeld;
			sourceTree = "<group>";
			versionGroupType = wrapper.xcdatamodel;
		};
/* End XCVersionGroup section */
	};
	rootObject = 209B82411A0294DD0038CE29 /* Project object */;
}
